
Microsoft Visual Studio Solution File, Format Version 12.00
# Visual Studio Version 17
VisualStudioVersion = 17.4.33213.308
MinimumVisualStudioVersion = 10.0.40219.1
Project("{FAE04EC0-301F-11D3-BF4B-00C04F79EFBC}") = "ApocalypsePreparation", "ApocalypsePreparation.csproj", "{F970B88A-D119-46D4-A5E7-4BDFB9013EF2}"
EndProject
Global
	GlobalSection(SolutionConfigurationPlatforms) = preSolution
		Debug|Any CPU = Debug|Any CPU
		Release|Any CPU = Release|Any CPU
	EndGlobalSection
	GlobalSection(ProjectConfigurationPlatforms) = postSolution
		{F970B88A-D119-46D4-A5E7-4BDFB9013EF2}.Debug|Any CPU.ActiveCfg = Debug|Any CPU
		{F970B88A-D119-46D4-A5E7-4BDFB9013EF2}.Debug|Any CPU.Build.0 = Debug|Any CPU
		{F970B88A-D119-46D4-A5E7-4BDFB9013EF2}.Release|Any CPU.ActiveCfg = Release|Any CPU
		{F970B88A-D119-46D4-A5E7-4BDFB9013EF2}.Release|Any CPU.Build.0 = Release|Any CPU
	EndGlobalSection
	GlobalSection(SolutionProperties) = preSolution
		HideSolutionNode = FALSE
	EndGlobalSection
	GlobalSection(ExtensibilityGlobals) = postSolution
		SolutionGuid = {4691F930-AB6A-4DA8-A1C2-7DE76D998DF1}
	EndGlobalSection
EndGlobal
